<?xml version="1.0" encoding="utf-8"?>
<Project ToolsVersion="4.0" xmlns="http://schemas.microsoft.com/developer/msbuild/2003">
  <ItemGroup>
    <Filter Include="win32">
      <UniqueIdentifier>{84a8ebd7-7cf0-47f6-b75e-d441df67da40}</UniqueIdentifier>
    </Filter>
    <Filter Include="Classes">
      <UniqueIdentifier>{bb6c862e-70e9-49d9-81b7-3829a6f50471}</UniqueIdentifier>
    </Filter>
    <Filter Include="Classes\GUI">
      <UniqueIdentifier>{00e2e8e3-a041-4441-9730-0c0b7d6e4e48}</UniqueIdentifier>
    </Filter>
    <Filter Include="Classes\Layers">
      <UniqueIdentifier>{bb908dae-1383-450f-b298-e911b9963146}</UniqueIdentifier>
    </Filter>
  </ItemGroup>
  <ItemGroup>
    <ClCompile Include="main.cpp">
      <Filter>win32</Filter>
    </ClCompile>
    <ClCompile Include="..\Classes\AppDelegate.cpp">
      <Filter>Classes</Filter>
    </ClCompile>
    <ClCompile Include="..\Classes\Layers\MainSelectLayer.cpp">
      <Filter>Classes\Layers</Filter>
    </ClCompile>
    <ClCompile Include="..\Classes\GUI\SliderNode.cpp">
      <Filter>Classes\GUI</Filter>
    </ClCompile>
    <ClCompile Include="..\Classes\GUI\SliderThumb.cpp">
      <Filter>Classes\GUI</Filter>
    </ClCompile>
    <ClCompile Include="..\Classes\GUI\CCMenuItemSpritePlus.cpp">
      <Filter>Classes\GUI</Filter>
    </ClCompile>
  </ItemGroup>
  <ItemGroup>
    <ClInclude Include="main.h">
      <Filter>win32</Filter>
    </ClInclude>
    <ClInclude Include="..\Classes\AppDelegate.h">
      <Filter>Classes</Filter>
    </ClInclude>
    <ClInclude Include="..\Classes\Layers\MainSelectLayer.h">
      <Filter>Classes\Layers</Filter>
    </ClInclude>
    <ClInclude Include="..\Classes\GUI\SliderNode.h">
      <Filter>Classes\GUI</Filter>
    </ClInclude>
    <ClInclude Include="..\Classes\GUI\SliderThumb.h">
      <Filter>Classes\GUI</Filter>
    </ClInclude>
    <ClInclude Include="..\Classes\GUI\CCMenuItemSpritePlus.h">
      <Filter>Classes\GUI</Filter>
    </ClInclude>
  </ItemGroup>
</Project>