<?xml version="1.0" encoding="utf-8"?>
<Project ToolsVersion="4.0" xmlns="http://schemas.microsoft.com/developer/msbuild/2003">
  <ItemGroup>
    <Filter Include="win32">
      <UniqueIdentifier>{84a8ebd7-7cf0-47f6-b75e-d441df67da40}</UniqueIdentifier>
    </Filter>
    <Filter Include="Classes">
      <UniqueIdentifier>{bb6c862e-70e9-49d9-81b7-3829a6f50471}</UniqueIdentifier>
    </Filter>
    <Filter Include="Classes\GUI">
      <UniqueIdentifier>{00e2e8e3-a041-4441-9730-0c0b7d6e4e48}</UniqueIdentifier>
    </Filter>
    <Filter Include="Classes\Layers">
      <UniqueIdentifier>{bb908dae-1383-450f-b298-e911b9963146}</UniqueIdentifier>
    </Filter>
    <Filter Include="Classes\Util">
      <UniqueIdentifier>{39a59f9b-317d-4340-89b4-2150debb29ae}</UniqueIdentifier>
    </Filter>
    <Filter Include="Classes\Other">
      <UniqueIdentifier>{998f239d-813f-4802-84cf-fbcaef44b5ea}</UniqueIdentifier>
    </Filter>
  </ItemGroup>
  <ItemGroup>
    <ClCompile Include="main.cpp">
      <Filter>win32</Filter>
    </ClCompile>
    <ClCompile Include="..\Classes\AppDelegate.cpp">
      <Filter>Classes</Filter>
    </ClCompile>
    <ClCompile Include="..\Classes\Layers\MainSelectLayer.cpp">
      <Filter>Classes\Layers</Filter>
    </ClCompile>
    <ClCompile Include="..\Classes\GUI\SliderNode.cpp">
      <Filter>Classes\GUI</Filter>
    </ClCompile>
    <ClCompile Include="..\Classes\GUI\SliderThumb.cpp">
      <Filter>Classes\GUI</Filter>
    </ClCompile>
    <ClCompile Include="..\Classes\GUI\CCMenuItemSpritePlus.cpp">
      <Filter>Classes\GUI</Filter>
    </ClCompile>
    <ClCompile Include="..\Classes\Layers\PopupLayer.cpp">
      <Filter>Classes\Layers</Filter>
    </ClCompile>
    <ClCompile Include="..\Classes\Layers\CreateProjectLayer.cpp">
      <Filter>Classes\Layers</Filter>
    </ClCompile>
    <ClCompile Include="..\Classes\Layers\SettingsLayer.cpp">
      <Filter>Classes\Layers</Filter>
    </ClCompile>
    <ClCompile Include="..\Classes\Layers\ProjectsLayer.cpp">
      <Filter>Classes\Layers</Filter>
    </ClCompile>
    <ClCompile Include="..\Classes\Layers\FileExplorerLayer.cpp">
      <Filter>Classes\Layers</Filter>
    </ClCompile>
    <ClCompile Include="..\Classes\GUI\ProjectCell.cpp">
      <Filter>Classes\GUI</Filter>
    </ClCompile>
    <ClCompile Include="..\Classes\Other\ProjectManager.cpp">
      <Filter>Classes\Other</Filter>
    </ClCompile>
    <ClCompile Include="..\Classes\Util\Toolbox.cpp">
      <Filter>Classes\Util</Filter>
    </ClCompile>
  </ItemGroup>
  <ItemGroup>
    <ClInclude Include="main.h">
      <Filter>win32</Filter>
    </ClInclude>
    <ClInclude Include="..\Classes\AppDelegate.h">
      <Filter>Classes</Filter>
    </ClInclude>
    <ClInclude Include="..\Classes\Layers\MainSelectLayer.h">
      <Filter>Classes\Layers</Filter>
    </ClInclude>
    <ClInclude Include="..\Classes\GUI\SliderNode.h">
      <Filter>Classes\GUI</Filter>
    </ClInclude>
    <ClInclude Include="..\Classes\GUI\SliderThumb.h">
      <Filter>Classes\GUI</Filter>
    </ClInclude>
    <ClInclude Include="..\Classes\GUI\CCMenuItemSpritePlus.h">
      <Filter>Classes\GUI</Filter>
    </ClInclude>
    <ClInclude Include="..\Classes\Layers\PopupLayer.h">
      <Filter>Classes\Layers</Filter>
    </ClInclude>
    <ClInclude Include="..\Classes\Layers\CreateProjectLayer.h">
      <Filter>Classes\Layers</Filter>
    </ClInclude>
    <ClInclude Include="..\Classes\Layers\SettingsLayer.h">
      <Filter>Classes\Layers</Filter>
    </ClInclude>
    <ClInclude Include="..\Classes\Layers\ProjectsLayer.h">
      <Filter>Classes\Layers</Filter>
    </ClInclude>
    <ClInclude Include="..\Classes\Util\EasyClippingNode.h">
      <Filter>Classes\Util</Filter>
    </ClInclude>
    <ClInclude Include="..\Classes\Util\Toolbox.h">
      <Filter>Classes\Util</Filter>
    </ClInclude>
    <ClInclude Include="..\Classes\Layers\FileExplorerLayer.h">
      <Filter>Classes\Layers</Filter>
    </ClInclude>
    <ClInclude Include="..\Classes\Other\ProjectDelegate.h">
      <Filter>Classes\Other</Filter>
    </ClInclude>
    <ClInclude Include="..\Classes\GUI\ProjectCell.h">
      <Filter>Classes\GUI</Filter>
    </ClInclude>
    <ClInclude Include="..\Classes\Other\ProjectManager.h">
      <Filter>Classes\Other</Filter>
    </ClInclude>
  </ItemGroup>
</Project>